
Microsoft Visual Studio Solution File, Format Version 12.00
# Visual Studio Version 17
VisualStudioVersion = 17.14.36301.6 d17.14
MinimumVisualStudioVersion = 10.0.40219.1
Project("{FAE04EC0-301F-11D3-BF4B-00C04F79EFBC}") = "Day 20", "Day 20.csproj", "{42578796-A33E-473A-97F3-8E01886D8731}"
EndProject
Global
	GlobalSection(SolutionConfigurationPlatforms) = preSolution
		Debug|Any CPU = Debug|Any CPU
		Release|Any CPU = Release|Any CPU
	EndGlobalSection
	GlobalSection(ProjectConfigurationPlatforms) = postSolution
		{42578796-A33E-473A-97F3-8E01886D8731}.Debug|Any CPU.ActiveCfg = Debug|Any CPU
		{42578796-A33E-473A-97F3-8E01886D8731}.Debug|Any CPU.Build.0 = Debug|Any CPU
		{42578796-A33E-473A-97F3-8E01886D8731}.Release|Any CPU.ActiveCfg = Release|Any CPU
		{42578796-A33E-473A-97F3-8E01886D8731}.Release|Any CPU.Build.0 = Release|Any CPU
	EndGlobalSection
	GlobalSection(SolutionProperties) = preSolution
		HideSolutionNode = FALSE
	EndGlobalSection
	GlobalSection(ExtensibilityGlobals) = postSolution
		SolutionGuid = {B6133BF1-E120-4329-BFC4-DB6A9FF5A64F}
	EndGlobalSection
EndGlobal
