
Microsoft Visual Studio Solution File, Format Version 12.00
# Visual Studio Version 17
VisualStudioVersion = 17.14.36301.6 d17.14
MinimumVisualStudioVersion = 10.0.40219.1
Project("{FAE04EC0-301F-11D3-BF4B-00C04F79EFBC}") = "Day 16", "Day 16.csproj", "{BDFBA3E1-5B4D-407B-A58F-FA084268CE2F}"
EndProject
Global
	GlobalSection(SolutionConfigurationPlatforms) = preSolution
		Debug|Any CPU = Debug|Any CPU
		Release|Any CPU = Release|Any CPU
	EndGlobalSection
	GlobalSection(ProjectConfigurationPlatforms) = postSolution
		{BDFBA3E1-5B4D-407B-A58F-FA084268CE2F}.Debug|Any CPU.ActiveCfg = Debug|Any CPU
		{BDFBA3E1-5B4D-407B-A58F-FA084268CE2F}.Debug|Any CPU.Build.0 = Debug|Any CPU
		{BDFBA3E1-5B4D-407B-A58F-FA084268CE2F}.Release|Any CPU.ActiveCfg = Release|Any CPU
		{BDFBA3E1-5B4D-407B-A58F-FA084268CE2F}.Release|Any CPU.Build.0 = Release|Any CPU
	EndGlobalSection
	GlobalSection(SolutionProperties) = preSolution
		HideSolutionNode = FALSE
	EndGlobalSection
	GlobalSection(ExtensibilityGlobals) = postSolution
		SolutionGuid = {10AA53BF-70D2-442C-8367-BAAAEB90FF57}
	EndGlobalSection
EndGlobal
