
Microsoft Visual Studio Solution File, Format Version 12.00
# Visual Studio Version 17
VisualStudioVersion = 17.14.36221.1 d17.14
MinimumVisualStudioVersion = 10.0.40219.1
Project("{FAE04EC0-301F-11D3-BF4B-00C04F79EFBC}") = "Day 12", "Day 12.csproj", "{06C25C8A-3BC6-4933-B3E8-D18F957D71ED}"
EndProject
Global
	GlobalSection(SolutionConfigurationPlatforms) = preSolution
		Debug|Any CPU = Debug|Any CPU
		Release|Any CPU = Release|Any CPU
	EndGlobalSection
	GlobalSection(ProjectConfigurationPlatforms) = postSolution
		{06C25C8A-3BC6-4933-B3E8-D18F957D71ED}.Debug|Any CPU.ActiveCfg = Debug|Any CPU
		{06C25C8A-3BC6-4933-B3E8-D18F957D71ED}.Debug|Any CPU.Build.0 = Debug|Any CPU
		{06C25C8A-3BC6-4933-B3E8-D18F957D71ED}.Release|Any CPU.ActiveCfg = Release|Any CPU
		{06C25C8A-3BC6-4933-B3E8-D18F957D71ED}.Release|Any CPU.Build.0 = Release|Any CPU
	EndGlobalSection
	GlobalSection(SolutionProperties) = preSolution
		HideSolutionNode = FALSE
	EndGlobalSection
	GlobalSection(ExtensibilityGlobals) = postSolution
		SolutionGuid = {74E80379-C12A-4C2C-9165-1FB127C254C7}
	EndGlobalSection
EndGlobal
