
Microsoft Visual Studio Solution File, Format Version 12.00
# Visual Studio Version 17
VisualStudioVersion = 17.14.36221.1 d17.14
MinimumVisualStudioVersion = 10.0.40219.1
Project("{FAE04EC0-301F-11D3-BF4B-00C04F79EFBC}") = "Day 3", "Day 3.csproj", "{7638609A-FE98-4EFD-9764-21DDB57ED9D5}"
EndProject
Global
	GlobalSection(SolutionConfigurationPlatforms) = preSolution
		Debug|Any CPU = Debug|Any CPU
		Release|Any CPU = Release|Any CPU
	EndGlobalSection
	GlobalSection(ProjectConfigurationPlatforms) = postSolution
		{7638609A-FE98-4EFD-9764-21DDB57ED9D5}.Debug|Any CPU.ActiveCfg = Debug|Any CPU
		{7638609A-FE98-4EFD-9764-21DDB57ED9D5}.Debug|Any CPU.Build.0 = Debug|Any CPU
		{7638609A-FE98-4EFD-9764-21DDB57ED9D5}.Release|Any CPU.ActiveCfg = Release|Any CPU
		{7638609A-FE98-4EFD-9764-21DDB57ED9D5}.Release|Any CPU.Build.0 = Release|Any CPU
	EndGlobalSection
	GlobalSection(SolutionProperties) = preSolution
		HideSolutionNode = FALSE
	EndGlobalSection
	GlobalSection(ExtensibilityGlobals) = postSolution
		SolutionGuid = {0E405D60-C483-4A97-8F9C-6424794E9450}
	EndGlobalSection
EndGlobal
