
Microsoft Visual Studio Solution File, Format Version 12.00
# Visual Studio Version 17
VisualStudioVersion = 17.14.36221.1 d17.14
MinimumVisualStudioVersion = 10.0.40219.1
Project("{FAE04EC0-301F-11D3-BF4B-00C04F79EFBC}") = "Day 6", "Day 6.csproj", "{2A9885A7-BA5F-4A2A-9F89-3507E706502C}"
EndProject
Global
	GlobalSection(SolutionConfigurationPlatforms) = preSolution
		Debug|Any CPU = Debug|Any CPU
		Release|Any CPU = Release|Any CPU
	EndGlobalSection
	GlobalSection(ProjectConfigurationPlatforms) = postSolution
		{2A9885A7-BA5F-4A2A-9F89-3507E706502C}.Debug|Any CPU.ActiveCfg = Debug|Any CPU
		{2A9885A7-BA5F-4A2A-9F89-3507E706502C}.Debug|Any CPU.Build.0 = Debug|Any CPU
		{2A9885A7-BA5F-4A2A-9F89-3507E706502C}.Release|Any CPU.ActiveCfg = Release|Any CPU
		{2A9885A7-BA5F-4A2A-9F89-3507E706502C}.Release|Any CPU.Build.0 = Release|Any CPU
	EndGlobalSection
	GlobalSection(SolutionProperties) = preSolution
		HideSolutionNode = FALSE
	EndGlobalSection
	GlobalSection(ExtensibilityGlobals) = postSolution
		SolutionGuid = {0CC10BB4-D57A-477D-AAE1-5C237AEC6EC6}
	EndGlobalSection
EndGlobal
